PODS:
  - AuthorizeNetAccept (0.0.1):
    - AuthorizeNetAccept/Source (= 0.0.1)
  - AuthorizeNetAccept/Source (0.0.1)

DEPENDENCIES:
  - AuthorizeNetAccept

SPEC CHECKSUMS:
  AuthorizeNetAccept: 7ee2d66a530dd05f6adba8960a570dcad6238bea

PODFILE CHECKSUM: dcb412dd371fb5b1b5f9e4dd990639acda242ab2

COCOAPODS: 1.0.1
