PODS:
  - AuthorizeNetAccept (0.4.0)

DEPENDENCIES:
  - AuthorizeNetAccept (from `/Users/rramamur/Documents/Accept Fixes/SDK/AuthorizeNetAccept.podspec`)

EXTERNAL SOURCES:
  AuthorizeNetAccept:
    :path: /Users/rramamur/Documents/Accept Fixes/SDK/AuthorizeNetAccept.podspec

SPEC CHECKSUMS:
  AuthorizeNetAccept: b945d10faa950bbb0cce3aefb9295e065ed0aa48

PODFILE CHECKSUM: bcb9ab8b9ae4eb77c7ad61284a0ed31add177ea0

COCOAPODS: 1.2.1
